
Microsoft Visual Studio Solution File, Format Version 11.00
# Visual Studio 2010
Project("{FAE04EC0-301F-11D3-BF4B-00C04F79EFBC}") = "NabaztagNet", "src\NabaztagNet\NabaztagNet.csproj", "{3728E103-9E1E-42F7-9594-410D84AE6220}"
EndProject
Global
	GlobalSection(SolutionConfigurationPlatforms) = preSolution
		Debug|Any CPU = Debug|Any CPU
		Release|Any CPU = Release|Any CPU
	EndGlobalSection
	GlobalSection(ProjectConfigurationPlatforms) = postSolution
		{3728E103-9E1E-42F7-9594-410D84AE6220}.Debug|Any CPU.ActiveCfg = Debug|Any CPU
		{3728E103-9E1E-42F7-9594-410D84AE6220}.Debug|Any CPU.Build.0 = Debug|Any CPU
		{3728E103-9E1E-42F7-9594-410D84AE6220}.Release|Any CPU.ActiveCfg = Release|Any CPU
		{3728E103-9E1E-42F7-9594-410D84AE6220}.Release|Any CPU.Build.0 = Release|Any CPU
	EndGlobalSection
	GlobalSection(SolutionProperties) = preSolution
		HideSolutionNode = FALSE
	EndGlobalSection
EndGlobal
